
Microsoft Visual Studio Solution File, Format Version 12.00
# Visual Studio Version 17
VisualStudioVersion = 17.3.32825.248
MinimumVisualStudioVersion = 10.0.40219.1
Project("{9A19103F-16F7-4668-BE54-9A1E7A4F7556}") = "ProyFarmacia_GUI", "BDFarmacia\ProyFarmacia_GUI.csproj", "{A02383A2-3392-4D22-9C4E-D35A4CA4875C}"
EndProject
Project("{9A19103F-16F7-4668-BE54-9A1E7A4F7556}") = "ProyFarmacia_BE", "ProyFarmacia_BE\ProyFarmacia_BE.csproj", "{78656659-C79F-4AF3-912F-C544C26D5FE3}"
EndProject
Project("{9A19103F-16F7-4668-BE54-9A1E7A4F7556}") = "ProyFarmacia_ADO", "ProyFarmacia_ADO\ProyFarmacia_ADO.csproj", "{64626DDD-3BAC-4E1D-89D9-045D07A1A7CA}"
EndProject
Project("{9A19103F-16F7-4668-BE54-9A1E7A4F7556}") = "ProyFarmacia_BL", "ProyFarmacia_BL\ProyFarmacia_BL.csproj", "{CCE6F6C7-FB59-4825-8EEE-931C2D9A6527}"
EndProject
Project("{FAE04EC0-301F-11D3-BF4B-00C04F79EFBC}") = "SitioWEB_FarmaciaBD", "SitioWEB_FarmaciaBD\SitioWEB_FarmaciaBD.csproj", "{3F95420E-1788-4FD2-90A4-ACA54FF875B8}"
EndProject
Project("{FAE04EC0-301F-11D3-BF4B-00C04F79EFBC}") = "ProyWEBFarmacia_BL", "ProyWEBFarmacia_BL\ProyWEBFarmacia_BL.csproj", "{5D49F80A-83A5-49E2-8BB7-04FAC14462B6}"
EndProject
Project("{FAE04EC0-301F-11D3-BF4B-00C04F79EFBC}") = "ProyWEBFarmacia_BE", "ProyWEBFarmacia_BE\ProyWEBFarmacia_BE.csproj", "{92F5CA6F-8A25-4D51-8FAF-17AB37EC0E50}"
EndProject
Project("{FAE04EC0-301F-11D3-BF4B-00C04F79EFBC}") = "ProyWEBFarmacia_ADO", "ProyWEBFarmacia_ADO\ProyWEBFarmacia_ADO.csproj", "{918E78D6-349D-434B-8559-2A862C30BE36}"
EndProject
Global
	GlobalSection(SolutionConfigurationPlatforms) = preSolution
		Debug|Any CPU = Debug|Any CPU
		Release|Any CPU = Release|Any CPU
	EndGlobalSection
	GlobalSection(ProjectConfigurationPlatforms) = postSolution
		{A02383A2-3392-4D22-9C4E-D35A4CA4875C}.Debug|Any CPU.ActiveCfg = Debug|Any CPU
		{A02383A2-3392-4D22-9C4E-D35A4CA4875C}.Debug|Any CPU.Build.0 = Debug|Any CPU
		{A02383A2-3392-4D22-9C4E-D35A4CA4875C}.Release|Any CPU.ActiveCfg = Release|Any CPU
		{A02383A2-3392-4D22-9C4E-D35A4CA4875C}.Release|Any CPU.Build.0 = Release|Any CPU
		{78656659-C79F-4AF3-912F-C544C26D5FE3}.Debug|Any CPU.ActiveCfg = Debug|Any CPU
		{78656659-C79F-4AF3-912F-C544C26D5FE3}.Debug|Any CPU.Build.0 = Debug|Any CPU
		{78656659-C79F-4AF3-912F-C544C26D5FE3}.Release|Any CPU.ActiveCfg = Release|Any CPU
		{78656659-C79F-4AF3-912F-C544C26D5FE3}.Release|Any CPU.Build.0 = Release|Any CPU
		{64626DDD-3BAC-4E1D-89D9-045D07A1A7CA}.Debug|Any CPU.ActiveCfg = Debug|Any CPU
		{64626DDD-3BAC-4E1D-89D9-045D07A1A7CA}.Debug|Any CPU.Build.0 = Debug|Any CPU
		{64626DDD-3BAC-4E1D-89D9-045D07A1A7CA}.Release|Any CPU.ActiveCfg = Release|Any CPU
		{64626DDD-3BAC-4E1D-89D9-045D07A1A7CA}.Release|Any CPU.Build.0 = Release|Any CPU
		{CCE6F6C7-FB59-4825-8EEE-931C2D9A6527}.Debug|Any CPU.ActiveCfg = Debug|Any CPU
		{CCE6F6C7-FB59-4825-8EEE-931C2D9A6527}.Debug|Any CPU.Build.0 = Debug|Any CPU
		{CCE6F6C7-FB59-4825-8EEE-931C2D9A6527}.Release|Any CPU.ActiveCfg = Release|Any CPU
		{CCE6F6C7-FB59-4825-8EEE-931C2D9A6527}.Release|Any CPU.Build.0 = Release|Any CPU
		{3F95420E-1788-4FD2-90A4-ACA54FF875B8}.Debug|Any CPU.ActiveCfg = Debug|Any CPU
		{3F95420E-1788-4FD2-90A4-ACA54FF875B8}.Debug|Any CPU.Build.0 = Debug|Any CPU
		{3F95420E-1788-4FD2-90A4-ACA54FF875B8}.Release|Any CPU.ActiveCfg = Release|Any CPU
		{3F95420E-1788-4FD2-90A4-ACA54FF875B8}.Release|Any CPU.Build.0 = Release|Any CPU
		{5D49F80A-83A5-49E2-8BB7-04FAC14462B6}.Debug|Any CPU.ActiveCfg = Debug|Any CPU
		{5D49F80A-83A5-49E2-8BB7-04FAC14462B6}.Debug|Any CPU.Build.0 = Debug|Any CPU
		{5D49F80A-83A5-49E2-8BB7-04FAC14462B6}.Release|Any CPU.ActiveCfg = Release|Any CPU
		{5D49F80A-83A5-49E2-8BB7-04FAC14462B6}.Release|Any CPU.Build.0 = Release|Any CPU
		{92F5CA6F-8A25-4D51-8FAF-17AB37EC0E50}.Debug|Any CPU.ActiveCfg = Debug|Any CPU
		{92F5CA6F-8A25-4D51-8FAF-17AB37EC0E50}.Debug|Any CPU.Build.0 = Debug|Any CPU
		{92F5CA6F-8A25-4D51-8FAF-17AB37EC0E50}.Release|Any CPU.ActiveCfg = Release|Any CPU
		{92F5CA6F-8A25-4D51-8FAF-17AB37EC0E50}.Release|Any CPU.Build.0 = Release|Any CPU
		{918E78D6-349D-434B-8559-2A862C30BE36}.Debug|Any CPU.ActiveCfg = Debug|Any CPU
		{918E78D6-349D-434B-8559-2A862C30BE36}.Debug|Any CPU.Build.0 = Debug|Any CPU
		{918E78D6-349D-434B-8559-2A862C30BE36}.Release|Any CPU.ActiveCfg = Release|Any CPU
		{918E78D6-349D-434B-8559-2A862C30BE36}.Release|Any CPU.Build.0 = Release|Any CPU
	EndGlobalSection
	GlobalSection(SolutionProperties) = preSolution
		HideSolutionNode = FALSE
	EndGlobalSection
	GlobalSection(ExtensibilityGlobals) = postSolution
		SolutionGuid = {711FD79D-679C-42B5-8D18-98366B6FDE4F}
	EndGlobalSection
EndGlobal
